
Microsoft Visual Studio Solution File, Format Version 12.00
# Visual Studio Version 16
VisualStudioVersion = 16.0.31729.503
MinimumVisualStudioVersion = 10.0.40219.1
Project("{FAE04EC0-301F-11D3-BF4B-00C04F79EFBC}") = "TestDemo", "TestDemo\TestDemo.csproj", "{DDE25710-DB49-445A-B9FB-81E02A610757}"
EndProject
Global
	GlobalSection(SolutionConfigurationPlatforms) = preSolution
		Debug|Any CPU = Debug|Any CPU
		Release|Any CPU = Release|Any CPU
	EndGlobalSection
	GlobalSection(ProjectConfigurationPlatforms) = postSolution
		{DDE25710-DB49-445A-B9FB-81E02A610757}.Debug|Any CPU.ActiveCfg = Debug|Any CPU
		{DDE25710-DB49-445A-B9FB-81E02A610757}.Debug|Any CPU.Build.0 = Debug|Any CPU
		{DDE25710-DB49-445A-B9FB-81E02A610757}.Release|Any CPU.ActiveCfg = Release|Any CPU
		{DDE25710-DB49-445A-B9FB-81E02A610757}.Release|Any CPU.Build.0 = Release|Any CPU
	EndGlobalSection
	GlobalSection(SolutionProperties) = preSolution
		HideSolutionNode = FALSE
	EndGlobalSection
	GlobalSection(ExtensibilityGlobals) = postSolution
		SolutionGuid = {B4B2E0CA-E1C3-4D1D-A788-9C8FD7D97FD9}
	EndGlobalSection
EndGlobal
